<?xml version="1.0" encoding="utf-8"?>
<Project ToolsVersion="4.0" xmlns="http://schemas.microsoft.com/developer/msbuild/2003">
  <ItemGroup>
    <Filter Include="Quelldateien">
      <UniqueIdentifier>{4FC737F1-C7A5-4376-A066-2A32D752A2FF}</UniqueIdentifier>
      <Extensions>cpp;c;cc;cxx;c++;cppm;ixx;def;odl;idl;hpj;bat;asm;asmx</Extensions>
    </Filter>
    <Filter Include="Headerdateien">
      <UniqueIdentifier>{93995380-89BD-4b04-88EB-625FBE52EBFB}</UniqueIdentifier>
      <Extensions>h;hh;hpp;hxx;h++;hm;inl;inc;ipp;xsd</Extensions>
    </Filter>
    <Filter Include="Ressourcendateien">
      <UniqueIdentifier>{67DA6AB6-F800-4c08-8B7A-83BB121AAD01}</UniqueIdentifier>
      <Extensions>rc;ico;cur;bmp;dlg;rc2;rct;bin;rgs;gif;jpg;jpeg;jpe;resx;tiff;tif;png;wav;mfcribbon-ms</Extensions>
    </Filter>
  </ItemGroup>
  <ItemGroup>
    <ClCompile Include="Memory.cpp">
      <Filter>Quelldateien</Filter>
    </ClCompile>
    <ClCompile Include="Overlay.cpp">
      <Filter>Quelldateien</Filter>
    </ClCompile>
    <ClCompile Include="Aimer.cpp">
      <Filter>Quelldateien</Filter>
    </ClCompile>
    <ClCompile Include="Player.cpp">
      <Filter>Quelldateien</Filter>
    </ClCompile>
    <ClCompile Include="Vector2.cpp">
      <Filter>Quelldateien</Filter>
    </ClCompile>
    <ClCompile Include="Terrain.cpp">
      <Filter>Quelldateien</Filter>
    </ClCompile>
    <ClCompile Include="WeaponSelector.cpp">
      <Filter>Quelldateien</Filter>
    </ClCompile>
    <ClCompile Include="Game.cpp">
      <Filter>Quelldateien</Filter>
    </ClCompile>
    <ClCompile Include="WindIndicator.cpp">
      <Filter>Quelldateien</Filter>
    </ClCompile>
    <ClCompile Include="Main.cpp">
      <Filter>Quelldateien</Filter>
    </ClCompile>
    <ClCompile Include="Segment.cpp">
      <Filter>Quelldateien</Filter>
    </ClCompile>
    <ClCompile Include="Point2.cpp">
      <Filter>Quelldateien</Filter>
    </ClCompile>
    <ClCompile Include="Projectile.cpp">
      <Filter>Quelldateien</Filter>
    </ClCompile>
    <ClCompile Include="LineCollider 2D.cpp">
      <Filter>Quelldateien</Filter>
    </ClCompile>
    <ClCompile Include="PolyLineCollider2D.cpp">
      <Filter>Quelldateien</Filter>
    </ClCompile>
    <ClCompile Include="CollisionMatrix.cpp">
      <Filter>Quelldateien</Filter>
    </ClCompile>
  </ItemGroup>
  <ItemGroup>
    <ClInclude Include="Memory.h">
      <Filter>Headerdateien</Filter>
    </ClInclude>
    <ClInclude Include="Overlay.h">
      <Filter>Headerdateien</Filter>
    </ClInclude>
    <ClInclude Include="Aimer.h">
      <Filter>Headerdateien</Filter>
    </ClInclude>
    <ClInclude Include="Player.h">
      <Filter>Headerdateien</Filter>
    </ClInclude>
    <ClInclude Include="Vector2.h">
      <Filter>Headerdateien</Filter>
    </ClInclude>
    <ClInclude Include="Terrain.h">
      <Filter>Headerdateien</Filter>
    </ClInclude>
    <ClInclude Include="IncludeHead.h">
      <Filter>Headerdateien</Filter>
    </ClInclude>
    <ClInclude Include="WeaponSelector.h">
      <Filter>Headerdateien</Filter>
    </ClInclude>
    <ClInclude Include="Game.h">
      <Filter>Headerdateien</Filter>
    </ClInclude>
    <ClInclude Include="WindIndicator.h">
      <Filter>Headerdateien</Filter>
    </ClInclude>
    <ClInclude Include="Segment.h">
      <Filter>Headerdateien</Filter>
    </ClInclude>
    <ClInclude Include="Point2.h">
      <Filter>Headerdateien</Filter>
    </ClInclude>
    <ClInclude Include="Weapon.h">
      <Filter>Headerdateien</Filter>
    </ClInclude>
    <ClInclude Include="Projectile.h">
      <Filter>Headerdateien</Filter>
    </ClInclude>
    <ClInclude Include="LineCollider2D.h">
      <Filter>Headerdateien</Filter>
    </ClInclude>
    <ClInclude Include="CircleCollider2D.h">
      <Filter>Headerdateien</Filter>
    </ClInclude>
    <ClInclude Include="CollisionMatrix.h">
      <Filter>Headerdateien</Filter>
    </ClInclude>
    <ClInclude Include="PolyLineCollider2D.h">
      <Filter>Headerdateien</Filter>
    </ClInclude>
  </ItemGroup>
</Project>