
Microsoft Visual Studio Solution File, Format Version 12.00
# Visual Studio Version 16
VisualStudioVersion = 16.0.30709.132
MinimumVisualStudioVersion = 10.0.40219.1
Project("{8BC9CEB8-8B4A-11D0-8D11-00A0C91BC942}") = "ExShellShockAutpRuler", "ExShellShockAutpRuler.vcxproj", "{F428D466-C9E4-43F1-B565-FB168ED1AD9E}"
EndProject
Global
	GlobalSection(SolutionConfigurationPlatforms) = preSolution
		Debug|x64 = Debug|x64
		Debug|x86 = Debug|x86
		Release|x64 = Release|x64
		Release|x86 = Release|x86
	EndGlobalSection
	GlobalSection(ProjectConfigurationPlatforms) = postSolution
		{F428D466-C9E4-43F1-B565-FB168ED1AD9E}.Debug|x64.ActiveCfg = Debug|x64
		{F428D466-C9E4-43F1-B565-FB168ED1AD9E}.Debug|x64.Build.0 = Debug|x64
		{F428D466-C9E4-43F1-B565-FB168ED1AD9E}.Debug|x86.ActiveCfg = Debug|Win32
		{F428D466-C9E4-43F1-B565-FB168ED1AD9E}.Debug|x86.Build.0 = Debug|Win32
		{F428D466-C9E4-43F1-B565-FB168ED1AD9E}.Release|x64.ActiveCfg = Release|x64
		{F428D466-C9E4-43F1-B565-FB168ED1AD9E}.Release|x64.Build.0 = Release|x64
		{F428D466-C9E4-43F1-B565-FB168ED1AD9E}.Release|x86.ActiveCfg = Release|Win32
		{F428D466-C9E4-43F1-B565-FB168ED1AD9E}.Release|x86.Build.0 = Release|Win32
	EndGlobalSection
	GlobalSection(SolutionProperties) = preSolution
		HideSolutionNode = FALSE
	EndGlobalSection
	GlobalSection(ExtensibilityGlobals) = postSolution
		SolutionGuid = {4E816A58-B21D-4678-B36E-FF79C9ED3173}
	EndGlobalSection
EndGlobal
